
Microsoft Visual Studio Solution File, Format Version 12.00
Project("{FAE04EC0-301F-11D3-BF4B-00C04F79EFBC}") = "Pacman_console", "Pacman_console\Pacman_console.csproj", "{FCE66B32-D145-493B-AEB1-95DAA80CAA4D}"
EndProject
Global
	GlobalSection(SolutionConfigurationPlatforms) = preSolution
		Debug|Any CPU = Debug|Any CPU
		Release|Any CPU = Release|Any CPU
	EndGlobalSection
	GlobalSection(ProjectConfigurationPlatforms) = postSolution
		{FCE66B32-D145-493B-AEB1-95DAA80CAA4D}.Debug|Any CPU.ActiveCfg = Debug|Any CPU
		{FCE66B32-D145-493B-AEB1-95DAA80CAA4D}.Debug|Any CPU.Build.0 = Debug|Any CPU
		{FCE66B32-D145-493B-AEB1-95DAA80CAA4D}.Release|Any CPU.ActiveCfg = Release|Any CPU
		{FCE66B32-D145-493B-AEB1-95DAA80CAA4D}.Release|Any CPU.Build.0 = Release|Any CPU
	EndGlobalSection
EndGlobal
